{
  "version": 4,
  "terraform_version": "1.0.2",
  "serial": 67,
  "lineage": "ee2041a3-5bdd-e72c-4a36-efa10f55c003",
  "outputs": {
    "public-ip": {
      "value": "51.75.168.206",
      "type": "string"
    }
  },
  "resources": [
    {
      "mode": "data",
      "type": "openstack_networking_network_v2",
      "name": "ovh-network",
      "provider": "provider[\"registry.terraform.io/terraform-provider-openstack/openstack\"]",
      "instances": [
        {
          "schema_version": 0,
          "attributes": {
            "admin_state_up": "true",
            "all_tags": [],
            "availability_zone_hints": [],
            "description": "",
            "dns_domain": "",
            "external": true,
            "id": "6011fbc9-4cbf-46a4-8452-6890a340b60b",
            "matching_subnet_cidr": null,
            "mtu": 1500,
            "name": "Ext-Net",
            "network_id": "6011fbc9-4cbf-46a4-8452-6890a340b60b",
            "region": "UK1",
            "shared": "true",
            "status": null,
            "tags": null,
            "tenant_id": "9386d7837e514fc080082efe4892af59",
            "transparent_vlan": false
          },
          "sensitive_attributes": []
        }
      ]
    },
    {
      "mode": "managed",
      "type": "openstack_compute_instance_v2",
      "name": "rancher-web",
      "provider": "provider[\"registry.terraform.io/terraform-provider-openstack/openstack\"]",
      "instances": [
        {
          "schema_version": 0,
          "attributes": {
            "access_ip_v4": "51.75.168.206",
            "access_ip_v6": "[2001:41d0:801:1000::c8b]",
            "admin_pass": null,
            "all_metadata": {},
            "all_tags": [],
            "availability_zone": "nova",
            "availability_zone_hints": null,
            "block_device": [],
            "config_drive": null,
            "flavor_id": "e9d6fb38-9bf0-44ac-adbf-30fee3c96096",
            "flavor_name": "s1-2",
            "floating_ip": null,
            "force_delete": false,
            "id": "7d5994d8-8c67-42c9-9ea8-b8483794c15a",
            "image_id": "6f74bc7d-66ad-4540-8da0-15a0c648746c",
            "image_name": "Debian 10 - Docker",
            "key_pair": "personal-laptop",
            "metadata": null,
            "name": "rancher-web",
            "network": [
              {
                "access_network": false,
                "fixed_ip_v4": "51.75.168.206",
                "fixed_ip_v6": "[2001:41d0:801:1000::c8b]",
                "floating_ip": "",
                "mac": "fa:16:3e:32:78:b1",
                "name": "Ext-Net",
                "port": "",
                "uuid": "6011fbc9-4cbf-46a4-8452-6890a340b60b"
              }
            ],
            "network_mode": null,
            "personality": [],
            "power_state": "active",
            "region": "UK1",
            "scheduler_hints": [],
            "security_groups": [
              "fbb9d562-1f81-4372-97ec-838da3decada"
            ],
            "stop_before_destroy": false,
            "tags": [],
            "timeouts": null,
            "user_data": null,
            "vendor_options": [],
            "volume": []
          },
          "sensitive_attributes": [],
          "private": "eyJlMmJmYjczMC1lY2FhLTExZTYtOGY4OC0zNDM2M2JjN2M0YzAiOnsiY3JlYXRlIjoxODAwMDAwMDAwMDAwLCJkZWxldGUiOjE4MDAwMDAwMDAwMDAsInVwZGF0ZSI6MTgwMDAwMDAwMDAwMH19",
          "dependencies": [
            "data.openstack_networking_network_v2.ovh-network",
            "openstack_compute_keypair_v2.laptop",
            "openstack_networking_secgroup_v2.inbound"
          ]
        }
      ]
    },
    {
      "mode": "managed",
      "type": "openstack_compute_keypair_v2",
      "name": "laptop",
      "provider": "provider[\"registry.terraform.io/terraform-provider-openstack/openstack\"]",
      "instances": [
        {
          "schema_version": 0,
          "attributes": {
            "fingerprint": "fc:6b:9b:68:8d:2c:54:fa:57:37:65:59:43:d2:53:1e",
            "id": "personal-laptop",
            "name": "personal-laptop",
            "private_key": "",
            "public_key": "ssh-rsa AAAAB3NzaC1yc2EAAAADAQABAAABgQDxFoZgoY21HA4vZgnmB+BXui8ggHJEQIe8KFAJ6bl5hFE72SWZnXgDBP6s0o/88ap9VbqkPXBuMkyaB05HGFCoJfhjycqmMUk5D1PSreMEpJaFFMx3TSfYyF0QMdq16bIKjFViCDZPpeF27Y0DDsLJBjBSsicmr5l1UZbPI3EHZU1wLjem89WidhZVPKpqJor/SQTzvKgqpvrh/acJEJ5RXRH137qrzOi3K+3AX9rXpcbEZ6UaF2O11ljqne3immPX4BDGZvd2tJ9CYwzBfBaTKzz3IlUP65C3mJjXUBBDE4ySWlZt/KQq+xBoyDLRrdDYUcKuQK02t2i5za1s2n/WVY5f63mGdanHTOKgALK1IJCWydAHkFN45igT0+GhzapIKmC/LcDC5bO4D9xET0nP+WPufZJErEsq5ETREnOci8YeC2KkcPWMPv9Cy0ljjG5IzqZ6dwavxzGEGaPHeFH4KK8S3idMwk0YJdTZIquPw82FTZc4Jq1V3ERCxCDli6U= stannardb@bread-l1\n",
            "region": "UK1",
            "value_specs": null
          },
          "sensitive_attributes": [],
          "private": "bnVsbA=="
        }
      ]
    },
    {
      "mode": "managed",
      "type": "openstack_networking_network_v2",
      "name": "vpc",
      "provider": "provider[\"registry.terraform.io/terraform-provider-openstack/openstack\"]",
      "instances": [
        {
          "schema_version": 0,
          "attributes": {
            "admin_state_up": true,
            "all_tags": [],
            "availability_zone_hints": [],
            "description": "",
            "dns_domain": "",
            "external": false,
            "id": "ef33878b-ecfe-4e58-a68b-91a4d944b953",
            "mtu": 9000,
            "name": "rancher-vpc",
            "port_security_enabled": false,
            "qos_policy_id": "",
            "region": "UK1",
            "segments": [],
            "shared": false,
            "tags": [],
            "tenant_id": "1fce6879a9d84748903fcc862ab2e58c",
            "timeouts": null,
            "transparent_vlan": false,
            "value_specs": null
          },
          "sensitive_attributes": [],
          "private": "eyJlMmJmYjczMC1lY2FhLTExZTYtOGY4OC0zNDM2M2JjN2M0YzAiOnsiY3JlYXRlIjo2MDAwMDAwMDAwMDAsImRlbGV0ZSI6NjAwMDAwMDAwMDAwfX0="
        }
      ]
    },
    {
      "mode": "managed",
      "type": "openstack_networking_secgroup_rule_v2",
      "name": "icmp",
      "provider": "provider[\"registry.terraform.io/terraform-provider-openstack/openstack\"]",
      "instances": [
        {
          "schema_version": 0,
          "attributes": {
            "description": "",
            "direction": "ingress",
            "ethertype": "IPv4",
            "id": "15dadec1-7c44-4899-96b3-39ce5799be1e",
            "port_range_max": 0,
            "port_range_min": 0,
            "protocol": "icmp",
            "region": "UK1",
            "remote_group_id": "",
            "remote_ip_prefix": "185.219.108.35/32",
            "security_group_id": "fbb9d562-1f81-4372-97ec-838da3decada",
            "tenant_id": "1fce6879a9d84748903fcc862ab2e58c",
            "timeouts": null
          },
          "sensitive_attributes": [],
          "private": "eyJlMmJmYjczMC1lY2FhLTExZTYtOGY4OC0zNDM2M2JjN2M0YzAiOnsiZGVsZXRlIjo2MDAwMDAwMDAwMDB9fQ==",
          "dependencies": [
            "openstack_networking_secgroup_v2.inbound"
          ]
        }
      ]
    },
    {
      "mode": "managed",
      "type": "openstack_networking_secgroup_rule_v2",
      "name": "inbound_8080",
      "provider": "provider[\"registry.terraform.io/terraform-provider-openstack/openstack\"]",
      "instances": [
        {
          "schema_version": 0,
          "attributes": {
            "description": "",
            "direction": "ingress",
            "ethertype": "IPv4",
            "id": "3f64b77b-acc8-441d-a069-5f98d8f89003",
            "port_range_max": 8080,
            "port_range_min": 8080,
            "protocol": "tcp",
            "region": "UK1",
            "remote_group_id": "",
            "remote_ip_prefix": "185.219.108.35/32",
            "security_group_id": "fbb9d562-1f81-4372-97ec-838da3decada",
            "tenant_id": "1fce6879a9d84748903fcc862ab2e58c",
            "timeouts": null
          },
          "sensitive_attributes": [],
          "private": "eyJlMmJmYjczMC1lY2FhLTExZTYtOGY4OC0zNDM2M2JjN2M0YzAiOnsiZGVsZXRlIjo2MDAwMDAwMDAwMDB9fQ==",
          "dependencies": [
            "openstack_networking_secgroup_v2.inbound"
          ]
        }
      ]
    },
    {
      "mode": "managed",
      "type": "openstack_networking_secgroup_rule_v2",
      "name": "inbound_http",
      "provider": "provider[\"registry.terraform.io/terraform-provider-openstack/openstack\"]",
      "instances": [
        {
          "schema_version": 0,
          "attributes": {
            "description": "",
            "direction": "ingress",
            "ethertype": "IPv4",
            "id": "4aff48ad-9278-4b14-9bf6-1baa42747804",
            "port_range_max": 80,
            "port_range_min": 80,
            "protocol": "tcp",
            "region": "UK1",
            "remote_group_id": "",
            "remote_ip_prefix": "185.219.108.35/32",
            "security_group_id": "fbb9d562-1f81-4372-97ec-838da3decada",
            "tenant_id": "1fce6879a9d84748903fcc862ab2e58c",
            "timeouts": null
          },
          "sensitive_attributes": [],
          "private": "eyJlMmJmYjczMC1lY2FhLTExZTYtOGY4OC0zNDM2M2JjN2M0YzAiOnsiZGVsZXRlIjo2MDAwMDAwMDAwMDB9fQ==",
          "dependencies": [
            "openstack_networking_secgroup_v2.inbound"
          ]
        }
      ]
    },
    {
      "mode": "managed",
      "type": "openstack_networking_secgroup_rule_v2",
      "name": "inbound_ssh",
      "provider": "provider[\"registry.terraform.io/terraform-provider-openstack/openstack\"]",
      "instances": [
        {
          "schema_version": 0,
          "attributes": {
            "description": "",
            "direction": "ingress",
            "ethertype": "IPv4",
            "id": "4170f280-da17-4d19-b74a-862b0b7f33fb",
            "port_range_max": 22,
            "port_range_min": 22,
            "protocol": "tcp",
            "region": "UK1",
            "remote_group_id": "",
            "remote_ip_prefix": "185.219.108.35/32",
            "security_group_id": "fbb9d562-1f81-4372-97ec-838da3decada",
            "tenant_id": "1fce6879a9d84748903fcc862ab2e58c",
            "timeouts": null
          },
          "sensitive_attributes": [],
          "private": "eyJlMmJmYjczMC1lY2FhLTExZTYtOGY4OC0zNDM2M2JjN2M0YzAiOnsiZGVsZXRlIjo2MDAwMDAwMDAwMDB9fQ==",
          "dependencies": [
            "openstack_networking_secgroup_v2.inbound"
          ]
        }
      ]
    },
    {
      "mode": "managed",
      "type": "openstack_networking_secgroup_rule_v2",
      "name": "inbound_ssl",
      "provider": "provider[\"registry.terraform.io/terraform-provider-openstack/openstack\"]",
      "instances": [
        {
          "schema_version": 0,
          "attributes": {
            "description": "",
            "direction": "ingress",
            "ethertype": "IPv4",
            "id": "f749fd50-ea55-4806-ad34-7e2960369dc6",
            "port_range_max": 443,
            "port_range_min": 443,
            "protocol": "tcp",
            "region": "UK1",
            "remote_group_id": "",
            "remote_ip_prefix": "185.219.108.35/32",
            "security_group_id": "fbb9d562-1f81-4372-97ec-838da3decada",
            "tenant_id": "1fce6879a9d84748903fcc862ab2e58c",
            "timeouts": null
          },
          "sensitive_attributes": [],
          "private": "eyJlMmJmYjczMC1lY2FhLTExZTYtOGY4OC0zNDM2M2JjN2M0YzAiOnsiZGVsZXRlIjo2MDAwMDAwMDAwMDB9fQ==",
          "dependencies": [
            "openstack_networking_secgroup_v2.inbound"
          ]
        }
      ]
    },
    {
      "mode": "managed",
      "type": "openstack_networking_secgroup_v2",
      "name": "inbound",
      "provider": "provider[\"registry.terraform.io/terraform-provider-openstack/openstack\"]",
      "instances": [
        {
          "schema_version": 0,
          "attributes": {
            "all_tags": [],
            "delete_default_rules": null,
            "description": "Inbound rules",
            "id": "fbb9d562-1f81-4372-97ec-838da3decada",
            "name": "rancher-web-inbount",
            "region": "UK1",
            "tags": [],
            "tenant_id": "1fce6879a9d84748903fcc862ab2e58c",
            "timeouts": null
          },
          "sensitive_attributes": [],
          "private": "eyJlMmJmYjczMC1lY2FhLTExZTYtOGY4OC0zNDM2M2JjN2M0YzAiOnsiZGVsZXRlIjo2MDAwMDAwMDAwMDB9fQ=="
        }
      ]
    },
    {
      "mode": "managed",
      "type": "openstack_networking_subnet_v2",
      "name": "vpc",
      "provider": "provider[\"registry.terraform.io/terraform-provider-openstack/openstack\"]",
      "instances": [
        {
          "schema_version": 0,
          "attributes": {
            "all_tags": [],
            "allocation_pool": [
              {
                "end": "192.168.100.254",
                "start": "192.168.100.2"
              }
            ],
            "allocation_pools": [
              {
                "end": "192.168.100.254",
                "start": "192.168.100.2"
              }
            ],
            "cidr": "192.168.100.0/24",
            "description": "",
            "dns_nameservers": [],
            "enable_dhcp": true,
            "gateway_ip": "192.168.100.1",
            "host_routes": [],
            "id": "c16782e9-c348-4fd3-8c48-fef8342b6a64",
            "ip_version": 4,
            "ipv6_address_mode": "",
            "ipv6_ra_mode": "",
            "name": "rancher-vpc",
            "network_id": "ef33878b-ecfe-4e58-a68b-91a4d944b953",
            "no_gateway": false,
            "prefix_length": null,
            "region": "UK1",
            "subnetpool_id": "",
            "tags": [],
            "tenant_id": "1fce6879a9d84748903fcc862ab2e58c",
            "timeouts": null,
            "value_specs": null
          },
          "sensitive_attributes": [],
          "private": "eyJlMmJmYjczMC1lY2FhLTExZTYtOGY4OC0zNDM2M2JjN2M0YzAiOnsiY3JlYXRlIjo2MDAwMDAwMDAwMDAsImRlbGV0ZSI6NjAwMDAwMDAwMDAwfX0=",
          "dependencies": [
            "openstack_networking_network_v2.vpc"
          ]
        }
      ]
    }
  ]
}
